
Microsoft Visual Studio Solution File, Format Version 12.00
# Visual Studio Version 16
VisualStudioVersion = 16.0.29215.179
MinimumVisualStudioVersion = 10.0.40219.1
Project("{FAE04EC0-301F-11D3-BF4B-00C04F79EFBC}") = "MyMagazine", "MyMagazine\MyMagazine.csproj", "{9B750161-6B92-4ABF-9B03-CEE9942604F1}"
EndProject
Global
	GlobalSection(SolutionConfigurationPlatforms) = preSolution
		Debug|Any CPU = Debug|Any CPU
		Release|Any CPU = Release|Any CPU
	EndGlobalSection
	GlobalSection(ProjectConfigurationPlatforms) = postSolution
		{9B750161-6B92-4ABF-9B03-CEE9942604F1}.Debug|Any CPU.ActiveCfg = Debug|Any CPU
		{9B750161-6B92-4ABF-9B03-CEE9942604F1}.Debug|Any CPU.Build.0 = Debug|Any CPU
		{9B750161-6B92-4ABF-9B03-CEE9942604F1}.Release|Any CPU.ActiveCfg = Release|Any CPU
		{9B750161-6B92-4ABF-9B03-CEE9942604F1}.Release|Any CPU.Build.0 = Release|Any CPU
	EndGlobalSection
	GlobalSection(SolutionProperties) = preSolution
		HideSolutionNode = FALSE
	EndGlobalSection
	GlobalSection(ExtensibilityGlobals) = postSolution
		SolutionGuid = {DDD5BD4A-4755-4679-AF83-5B19E8D5B57F}
	EndGlobalSection
EndGlobal
